PODS:
  - Flutter (1.0.0)
  - flutter_health_fit (0.0.1):
    - Flutter

DEPENDENCIES:
  - Flutter (from `Flutter`)
  - flutter_health_fit (from `.symlinks/plugins/flutter_health_fit/ios`)

EXTERNAL SOURCES:
  Flutter:
    :path: Flutter
  flutter_health_fit:
    :path: ".symlinks/plugins/flutter_health_fit/ios"

SPEC CHECKSUMS:
  Flutter: f04841e97a9d0b0a8025694d0796dd46242b2854
  flutter_health_fit: af332b5d7512b9cc8a05e7282cfcee02b056d32e

PODFILE CHECKSUM: ef19549a9bc3046e7bb7d2fab4d021637c0c58a3

COCOAPODS: 1.14.3
