PODS:
  - Flutter (1.0.0)
  - flutter_health_fit (0.0.1):
    - Flutter

DEPENDENCIES:
  - Flutter (from `.symlinks/flutter/ios`)
  - flutter_health_fit (from `.symlinks/plugins/flutter_health_fit/ios`)

EXTERNAL SOURCES:
  Flutter:
    :path: ".symlinks/flutter/ios"
  flutter_health_fit:
    :path: ".symlinks/plugins/flutter_health_fit/ios"

SPEC CHECKSUMS:
  Flutter: 0e3d915762c693b495b44d77113d4970485de6ec
  flutter_health_fit: a96be00d6d54c5853fc0d5e08204d0d6821517ed

PODFILE CHECKSUM: 7765ea4305eaab0b3dfd384c7de11902aa3195fd

COCOAPODS: 1.9.3
